
Microsoft Visual Studio Solution File, Format Version 12.00
# Visual Studio Version 17
VisualStudioVersion = 17.3.32929.385
MinimumVisualStudioVersion = 10.0.40219.1
Project("{FAE04EC0-301F-11D3-BF4B-00C04F79EFBC}") = "Restoraunt", "Restoraunt\Restoraunt.csproj", "{311E289B-8402-4AAD-80A2-57D7F0C54AD3}"
EndProject
Global
	GlobalSection(SolutionConfigurationPlatforms) = preSolution
		Debug|Any CPU = Debug|Any CPU
		Release|Any CPU = Release|Any CPU
	EndGlobalSection
	GlobalSection(ProjectConfigurationPlatforms) = postSolution
		{311E289B-8402-4AAD-80A2-57D7F0C54AD3}.Debug|Any CPU.ActiveCfg = Debug|Any CPU
		{311E289B-8402-4AAD-80A2-57D7F0C54AD3}.Debug|Any CPU.Build.0 = Debug|Any CPU
		{311E289B-8402-4AAD-80A2-57D7F0C54AD3}.Release|Any CPU.ActiveCfg = Release|Any CPU
		{311E289B-8402-4AAD-80A2-57D7F0C54AD3}.Release|Any CPU.Build.0 = Release|Any CPU
	EndGlobalSection
	GlobalSection(SolutionProperties) = preSolution
		HideSolutionNode = FALSE
	EndGlobalSection
	GlobalSection(ExtensibilityGlobals) = postSolution
		SolutionGuid = {510E505F-3C0B-48D8-A64B-A699C79BCE08}
	EndGlobalSection
EndGlobal
