
Microsoft Visual Studio Solution File, Format Version 12.00
# Visual Studio Version 16
VisualStudioVersion = 16.0.32126.315
MinimumVisualStudioVersion = 10.0.40219.1
Project("{FAE04EC0-301F-11D3-BF4B-00C04F79EFBC}") = "StudentClass", "StudentClass\StudentClass.csproj", "{9BA5D050-E08C-4DB8-B0DE-5FA6C028FFEC}"
EndProject
Global
	GlobalSection(SolutionConfigurationPlatforms) = preSolution
		Debug|Any CPU = Debug|Any CPU
		Release|Any CPU = Release|Any CPU
	EndGlobalSection
	GlobalSection(ProjectConfigurationPlatforms) = postSolution
		{9BA5D050-E08C-4DB8-B0DE-5FA6C028FFEC}.Debug|Any CPU.ActiveCfg = Debug|Any CPU
		{9BA5D050-E08C-4DB8-B0DE-5FA6C028FFEC}.Debug|Any CPU.Build.0 = Debug|Any CPU
		{9BA5D050-E08C-4DB8-B0DE-5FA6C028FFEC}.Release|Any CPU.ActiveCfg = Release|Any CPU
		{9BA5D050-E08C-4DB8-B0DE-5FA6C028FFEC}.Release|Any CPU.Build.0 = Release|Any CPU
	EndGlobalSection
	GlobalSection(SolutionProperties) = preSolution
		HideSolutionNode = FALSE
	EndGlobalSection
	GlobalSection(ExtensibilityGlobals) = postSolution
		SolutionGuid = {89A45D4A-79C3-4101-B73B-13B0E7A61C44}
	EndGlobalSection
EndGlobal
